// !$*UTF8*$!
{
	archiveVersion = 1;
	classes = {
	};
	objectVersion = 50;
	objects = {

/* Begin PBXBuildFile section */
		D817DA9D264556CF00A949BE /* AppDelegate.swift in Sources */ = {isa = PBXBuildFile; fileRef = D817DA9C264556CF00A949BE /* AppDelegate.swift */; };
		D817DA9F264556CF00A949BE /* SceneDelegate.swift in Sources */ = {isa = PBXBuildFile; fileRef = D817DA9E264556CF00A949BE /* SceneDelegate.swift */; };
		D817DAA7264556CF00A949BE /* ZTestApp.xcdatamodeld in Sources */ = {isa = PBXBuildFile; fileRef = D817DAA5264556CF00A949BE /* ZTestApp.xcdatamodeld */; };
		D817DAA9264556D000A949BE /* Assets.xcassets in Resources */ = {isa = PBXBuildFile; fileRef = D817DAA8264556D000A949BE /* Assets.xcassets */; };
		D817DAAC264556D000A949BE /* LaunchScreen.storyboard in Resources */ = {isa = PBXBuildFile; fileRef = D817DAAA264556D000A949BE /* LaunchScreen.storyboard */; };
		D817DAB9264558DC00A949BE /* TabBarController.swift in Sources */ = {isa = PBXBuildFile; fileRef = D817DAB8264558DC00A949BE /* TabBarController.swift */; };
		D817DABB26455A6C00A949BE /* ListTableViewController.swift in Sources */ = {isa = PBXBuildFile; fileRef = D817DABA26455A6C00A949BE /* ListTableViewController.swift */; };
		D817DABD26455A8C00A949BE /* GalleryViewController.swift in Sources */ = {isa = PBXBuildFile; fileRef = D817DABC26455A8C00A949BE /* GalleryViewController.swift */; };
		D817DABF26455A9900A949BE /* ServiceViewController.swift in Sources */ = {isa = PBXBuildFile; fileRef = D817DABE26455A9900A949BE /* ServiceViewController.swift */; };
		D81B59192649882600F3AFB0 /* CoreDataManager.swift in Sources */ = {isa = PBXBuildFile; fileRef = D81B59182649882600F3AFB0 /* CoreDataManager.swift */; };
		D81B591B264989ED00F3AFB0 /* ListViewModel.swift in Sources */ = {isa = PBXBuildFile; fileRef = D81B591A264989ED00F3AFB0 /* ListViewModel.swift */; };
		D81B591E2649900900F3AFB0 /* LeadersTableViewCell.swift in Sources */ = {isa = PBXBuildFile; fileRef = D81B591D2649900900F3AFB0 /* LeadersTableViewCell.swift */; };
		D81B59202649902800F3AFB0 /* BookkeepingTableViewCell.swift in Sources */ = {isa = PBXBuildFile; fileRef = D81B591F2649902800F3AFB0 /* BookkeepingTableViewCell.swift */; };
		D81B59222649903800F3AFB0 /* EmployeesTableViewCell.swift in Sources */ = {isa = PBXBuildFile; fileRef = D81B59212649903800F3AFB0 /* EmployeesTableViewCell.swift */; };
		D8478E0B264C55A900AC1E1C /* BookkeepingType.swift in Sources */ = {isa = PBXBuildFile; fileRef = D8478E0A264C55A900AC1E1C /* BookkeepingType.swift */; };
		D8478E0D264D830D00AC1E1C /* EmployeeBaseTableViewCell.swift in Sources */ = {isa = PBXBuildFile; fileRef = D8478E0C264D830D00AC1E1C /* EmployeeBaseTableViewCell.swift */; };
		D8A3E055264AC9DA003C94E8 /* EmployeeViewController.swift in Sources */ = {isa = PBXBuildFile; fileRef = D8A3E054264AC9DA003C94E8 /* EmployeeViewController.swift */; };
		D8A3E057264ACE98003C94E8 /* DetailedViewViewModel.swift in Sources */ = {isa = PBXBuildFile; fileRef = D8A3E056264ACE98003C94E8 /* DetailedViewViewModel.swift */; };
		D8A3E059264ACEC2003C94E8 /* EmployeeType.swift in Sources */ = {isa = PBXBuildFile; fileRef = D8A3E058264ACEC2003C94E8 /* EmployeeType.swift */; };
		D8A3E05B264AD32D003C94E8 /* DetailedViewType.swift in Sources */ = {isa = PBXBuildFile; fileRef = D8A3E05A264AD32D003C94E8 /* DetailedViewType.swift */; };
		D8A3E05E264ADBA4003C94E8 /* DetailedViewViewModelType.swift in Sources */ = {isa = PBXBuildFile; fileRef = D8A3E05D264ADBA4003C94E8 /* DetailedViewViewModelType.swift */; };
		D8FD1255265156050036BAAE /* Formatter.swift in Sources */ = {isa = PBXBuildFile; fileRef = D8FD1254265156050036BAAE /* Formatter.swift */; };
		D8FD125726515B680036BAAE /* ListCellViewModelType.swift in Sources */ = {isa = PBXBuildFile; fileRef = D8FD125626515B680036BAAE /* ListCellViewModelType.swift */; };
		D8FD125926515BAC0036BAAE /* LeaderCellViewModel.swift in Sources */ = {isa = PBXBuildFile; fileRef = D8FD125826515BAC0036BAAE /* LeaderCellViewModel.swift */; };
		D8FD125B26515CEF0036BAAE /* BookkeepingCellViewModel.swift in Sources */ = {isa = PBXBuildFile; fileRef = D8FD125A26515CEF0036BAAE /* BookkeepingCellViewModel.swift */; };
		D8FD125D26515F3C0036BAAE /* EmployeeCellViewModel.swift in Sources */ = {isa = PBXBuildFile; fileRef = D8FD125C26515F3C0036BAAE /* EmployeeCellViewModel.swift */; };
		D8FD125F265174A20036BAAE /* Company.swift in Sources */ = {isa = PBXBuildFile; fileRef = D8FD125E265174A20036BAAE /* Company.swift */; };
/* End PBXBuildFile section */

/* Begin PBXFileReference section */
		D817DA99264556CF00A949BE /* ZTestApp.app */ = {isa = PBXFileReference; explicitFileType = wrapper.application; includeInIndex = 0; path = ZTestApp.app; sourceTree = BUILT_PRODUCTS_DIR; };
		D817DA9C264556CF00A949BE /* AppDelegate.swift */ = {isa = PBXFileReference; lastKnownFileType = sourcecode.swift; path = AppDelegate.swift; sourceTree = "<group>"; };
		D817DA9E264556CF00A949BE /* SceneDelegate.swift */ = {isa = PBXFileReference; lastKnownFileType = sourcecode.swift; path = SceneDelegate.swift; sourceTree = "<group>"; };
		D817DAA6264556CF00A949BE /* ZTestApp.xcdatamodel */ = {isa = PBXFileReference; lastKnownFileType = wrapper.xcdatamodel; path = ZTestApp.xcdatamodel; sourceTree = "<group>"; };
		D817DAA8264556D000A949BE /* Assets.xcassets */ = {isa = PBXFileReference; lastKnownFileType = folder.assetcatalog; path = Assets.xcassets; sourceTree = "<group>"; };
		D817DAAB264556D000A949BE /* Base */ = {isa = PBXFileReference; lastKnownFileType = file.storyboard; name = Base; path = Base.lproj/LaunchScreen.storyboard; sourceTree = "<group>"; };
		D817DAAD264556D000A949BE /* Info.plist */ = {isa = PBXFileReference; lastKnownFileType = text.plist.xml; path = Info.plist; sourceTree = "<group>"; };
		D817DAB8264558DC00A949BE /* TabBarController.swift */ = {isa = PBXFileReference; lastKnownFileType = sourcecode.swift; path = TabBarController.swift; sourceTree = "<group>"; };
		D817DABA26455A6C00A949BE /* ListTableViewController.swift */ = {isa = PBXFileReference; lastKnownFileType = sourcecode.swift; path = ListTableViewController.swift; sourceTree = "<group>"; };
		D817DABC26455A8C00A949BE /* GalleryViewController.swift */ = {isa = PBXFileReference; lastKnownFileType = sourcecode.swift; path = GalleryViewController.swift; sourceTree = "<group>"; };
		D817DABE26455A9900A949BE /* ServiceViewController.swift */ = {isa = PBXFileReference; lastKnownFileType = sourcecode.swift; path = ServiceViewController.swift; sourceTree = "<group>"; };
		D81B59182649882600F3AFB0 /* CoreDataManager.swift */ = {isa = PBXFileReference; lastKnownFileType = sourcecode.swift; path = CoreDataManager.swift; sourceTree = "<group>"; };
		D81B591A264989ED00F3AFB0 /* ListViewModel.swift */ = {isa = PBXFileReference; lastKnownFileType = sourcecode.swift; path = ListViewModel.swift; sourceTree = "<group>"; };
		D81B591D2649900900F3AFB0 /* LeadersTableViewCell.swift */ = {isa = PBXFileReference; lastKnownFileType = sourcecode.swift; path = LeadersTableViewCell.swift; sourceTree = "<group>"; };
		D81B591F2649902800F3AFB0 /* BookkeepingTableViewCell.swift */ = {isa = PBXFileReference; lastKnownFileType = sourcecode.swift; path = BookkeepingTableViewCell.swift; sourceTree = "<group>"; };
		D81B59212649903800F3AFB0 /* EmployeesTableViewCell.swift */ = {isa = PBXFileReference; lastKnownFileType = sourcecode.swift; path = EmployeesTableViewCell.swift; sourceTree = "<group>"; };
		D8478E0A264C55A900AC1E1C /* BookkeepingType.swift */ = {isa = PBXFileReference; lastKnownFileType = sourcecode.swift; path = BookkeepingType.swift; sourceTree = "<group>"; };
		D8478E0C264D830D00AC1E1C /* EmployeeBaseTableViewCell.swift */ = {isa = PBXFileReference; lastKnownFileType = sourcecode.swift; path = EmployeeBaseTableViewCell.swift; sourceTree = "<group>"; };
		D8A3E054264AC9DA003C94E8 /* EmployeeViewController.swift */ = {isa = PBXFileReference; lastKnownFileType = sourcecode.swift; path = EmployeeViewController.swift; sourceTree = "<group>"; };
		D8A3E056264ACE98003C94E8 /* DetailedViewViewModel.swift */ = {isa = PBXFileReference; lastKnownFileType = sourcecode.swift; path = DetailedViewViewModel.swift; sourceTree = "<group>"; };
		D8A3E058264ACEC2003C94E8 /* EmployeeType.swift */ = {isa = PBXFileReference; lastKnownFileType = sourcecode.swift; path = EmployeeType.swift; sourceTree = "<group>"; };
		D8A3E05A264AD32D003C94E8 /* DetailedViewType.swift */ = {isa = PBXFileReference; lastKnownFileType = sourcecode.swift; path = DetailedViewType.swift; sourceTree = "<group>"; };
		D8A3E05D264ADBA4003C94E8 /* DetailedViewViewModelType.swift */ = {isa = PBXFileReference; lastKnownFileType = sourcecode.swift; path = DetailedViewViewModelType.swift; sourceTree = "<group>"; };
		D8FD1254265156050036BAAE /* Formatter.swift */ = {isa = PBXFileReference; lastKnownFileType = sourcecode.swift; path = Formatter.swift; sourceTree = "<group>"; };
		D8FD125626515B680036BAAE /* ListCellViewModelType.swift */ = {isa = PBXFileReference; lastKnownFileType = sourcecode.swift; path = ListCellViewModelType.swift; sourceTree = "<group>"; };
		D8FD125826515BAC0036BAAE /* LeaderCellViewModel.swift */ = {isa = PBXFileReference; lastKnownFileType = sourcecode.swift; path = LeaderCellViewModel.swift; sourceTree = "<group>"; };
		D8FD125A26515CEF0036BAAE /* BookkeepingCellViewModel.swift */ = {isa = PBXFileReference; lastKnownFileType = sourcecode.swift; path = BookkeepingCellViewModel.swift; sourceTree = "<group>"; };
		D8FD125C26515F3C0036BAAE /* EmployeeCellViewModel.swift */ = {isa = PBXFileReference; lastKnownFileType = sourcecode.swift; path = EmployeeCellViewModel.swift; sourceTree = "<group>"; };
		D8FD125E265174A20036BAAE /* Company.swift */ = {isa = PBXFileReference; lastKnownFileType = sourcecode.swift; path = Company.swift; sourceTree = "<group>"; };
/* End PBXFileReference section */

/* Begin PBXFrameworksBuildPhase section */
		D817DA96264556CF00A949BE /* Frameworks */ = {
			isa = PBXFrameworksBuildPhase;
			buildActionMask = 2147483647;
			files = (
			);
			runOnlyForDeploymentPostprocessing = 0;
		};
/* End PBXFrameworksBuildPhase section */

/* Begin PBXGroup section */
		D817DA90264556CF00A949BE = {
			isa = PBXGroup;
			children = (
				D817DA9B264556CF00A949BE /* ZTestApp */,
				D8A3E05C264ADB78003C94E8 /* Protocols */,
				D81B5917264987FE00F3AFB0 /* Tools */,
				D817DA9A264556CF00A949BE /* Products */,
			);
			sourceTree = "<group>";
		};
		D817DA9A264556CF00A949BE /* Products */ = {
			isa = PBXGroup;
			children = (
				D817DA99264556CF00A949BE /* ZTestApp.app */,
			);
			name = Products;
			sourceTree = "<group>";
		};
		D817DA9B264556CF00A949BE /* ZTestApp */ = {
			isa = PBXGroup;
			children = (
				D817DA9C264556CF00A949BE /* AppDelegate.swift */,
				D817DA9E264556CF00A949BE /* SceneDelegate.swift */,
				D817DAAD264556D000A949BE /* Info.plist */,
				D817DAB7264557D000A949BE /* Sources */,
				D817DAB52645574900A949BE /* ViewModels */,
				D817DAB42645574100A949BE /* Models */,
				D817DAB32645573900A949BE /* View */,
			);
			path = ZTestApp;
			sourceTree = "<group>";
		};
		D817DAB32645573900A949BE /* View */ = {
			isa = PBXGroup;
			children = (
				D817DAB62645578800A949BE /* Storyboards */,
				D81B591C26498FE500F3AFB0 /* Cells */,
				D817DAB8264558DC00A949BE /* TabBarController.swift */,
				D817DABA26455A6C00A949BE /* ListTableViewController.swift */,
				D817DABC26455A8C00A949BE /* GalleryViewController.swift */,
				D817DABE26455A9900A949BE /* ServiceViewController.swift */,
				D8A3E054264AC9DA003C94E8 /* EmployeeViewController.swift */,
			);
			path = View;
			sourceTree = "<group>";
		};
		D817DAB42645574100A949BE /* Models */ = {
			isa = PBXGroup;
			children = (
				D817DAA5264556CF00A949BE /* ZTestApp.xcdatamodeld */,
				D8A3E058264ACEC2003C94E8 /* EmployeeType.swift */,
				D8A3E05A264AD32D003C94E8 /* DetailedViewType.swift */,
				D8478E0A264C55A900AC1E1C /* BookkeepingType.swift */,
				D8FD125E265174A20036BAAE /* Company.swift */,
			);
			path = Models;
			sourceTree = "<group>";
		};
		D817DAB52645574900A949BE /* ViewModels */ = {
			isa = PBXGroup;
			children = (
				D81B591A264989ED00F3AFB0 /* ListViewModel.swift */,
				D8A3E056264ACE98003C94E8 /* DetailedViewViewModel.swift */,
				D8FD125826515BAC0036BAAE /* LeaderCellViewModel.swift */,
				D8FD125A26515CEF0036BAAE /* BookkeepingCellViewModel.swift */,
				D8FD125C26515F3C0036BAAE /* EmployeeCellViewModel.swift */,
			);
			path = ViewModels;
			sourceTree = "<group>";
		};
		D817DAB62645578800A949BE /* Storyboards */ = {
			isa = PBXGroup;
			children = (
				D817DAAA264556D000A949BE /* LaunchScreen.storyboard */,
			);
			path = Storyboards;
			sourceTree = "<group>";
		};
		D817DAB7264557D000A949BE /* Sources */ = {
			isa = PBXGroup;
			children = (
				D817DAA8264556D000A949BE /* Assets.xcassets */,
			);
			path = Sources;
			sourceTree = "<group>";
		};
		D81B5917264987FE00F3AFB0 /* Tools */ = {
			isa = PBXGroup;
			children = (
				D81B59182649882600F3AFB0 /* CoreDataManager.swift */,
				D8FD1254265156050036BAAE /* Formatter.swift */,
			);
			path = Tools;
			sourceTree = "<group>";
		};
		D81B591C26498FE500F3AFB0 /* Cells */ = {
			isa = PBXGroup;
			children = (
				D8478E0C264D830D00AC1E1C /* EmployeeBaseTableViewCell.swift */,
				D81B591D2649900900F3AFB0 /* LeadersTableViewCell.swift */,
				D81B591F2649902800F3AFB0 /* BookkeepingTableViewCell.swift */,
				D81B59212649903800F3AFB0 /* EmployeesTableViewCell.swift */,
			);
			path = Cells;
			sourceTree = "<group>";
		};
		D8A3E05C264ADB78003C94E8 /* Protocols */ = {
			isa = PBXGroup;
			children = (
				D8A3E05D264ADBA4003C94E8 /* DetailedViewViewModelType.swift */,
				D8FD125626515B680036BAAE /* ListCellViewModelType.swift */,
			);
			path = Protocols;
			sourceTree = "<group>";
		};
/* End PBXGroup section */

/* Begin PBXNativeTarget section */
		D817DA98264556CF00A949BE /* ZTestApp */ = {
			isa = PBXNativeTarget;
			buildConfigurationList = D817DAB0264556D000A949BE /* Build configuration list for PBXNativeTarget "ZTestApp" */;
			buildPhases = (
				D817DA95264556CF00A949BE /* Sources */,
				D817DA96264556CF00A949BE /* Frameworks */,
				D817DA97264556CF00A949BE /* Resources */,
				D817DAC026456E1100A949BE /* ShellScript */,
			);
			buildRules = (
			);
			dependencies = (
			);
			name = ZTestApp;
			productName = ZTestApp;
			productReference = D817DA99264556CF00A949BE /* ZTestApp.app */;
			productType = "com.apple.product-type.application";
		};
/* End PBXNativeTarget section */

/* Begin PBXProject section */
		D817DA91264556CF00A949BE /* Project object */ = {
			isa = PBXProject;
			attributes = {
				LastSwiftUpdateCheck = 1250;
				LastUpgradeCheck = 1250;
				TargetAttributes = {
					D817DA98264556CF00A949BE = {
						CreatedOnToolsVersion = 12.5;
					};
				};
			};
			buildConfigurationList = D817DA94264556CF00A949BE /* Build configuration list for PBXProject "ZTestApp" */;
			compatibilityVersion = "Xcode 9.3";
			developmentRegion = en;
			hasScannedForEncodings = 0;
			knownRegions = (
				en,
				Base,
			);
			mainGroup = D817DA90264556CF00A949BE;
			productRefGroup = D817DA9A264556CF00A949BE /* Products */;
			projectDirPath = "";
			projectRoot = "";
			targets = (
				D817DA98264556CF00A949BE /* ZTestApp */,
			);
		};
/* End PBXProject section */

/* Begin PBXResourcesBuildPhase section */
		D817DA97264556CF00A949BE /* Resources */ = {
			isa = PBXResourcesBuildPhase;
			buildActionMask = 2147483647;
			files = (
				D817DAAC264556D000A949BE /* LaunchScreen.storyboard in Resources */,
				D817DAA9264556D000A949BE /* Assets.xcassets in Resources */,
			);
			runOnlyForDeploymentPostprocessing = 0;
		};
/* End PBXResourcesBuildPhase section */

/* Begin PBXShellScriptBuildPhase section */
		D817DAC026456E1100A949BE /* ShellScript */ = {
			isa = PBXShellScriptBuildPhase;
			buildActionMask = 2147483647;
			files = (
			);
			inputFileListPaths = (
			);
			inputPaths = (
			);
			outputFileListPaths = (
			);
			outputPaths = (
			);
			runOnlyForDeploymentPostprocessing = 0;
			shellPath = /bin/sh;
			shellScript = "export PATH=\"$PATH:/opt/homebrew/bin\"\n\nif which swiftlint; then\n    swiftlint autocorrect && swiftlint\nelse\n  echo \"warning: SwiftLint not installed, download from https://github.com/realm/SwiftLint\"\n  exit 1\nfi\n";
		};
/* End PBXShellScriptBuildPhase section */

/* Begin PBXSourcesBuildPhase section */
		D817DA95264556CF00A949BE /* Sources */ = {
			isa = PBXSourcesBuildPhase;
			buildActionMask = 2147483647;
			files = (
				D8A3E05B264AD32D003C94E8 /* DetailedViewType.swift in Sources */,
				D817DAA7264556CF00A949BE /* ZTestApp.xcdatamodeld in Sources */,
				D8A3E05E264ADBA4003C94E8 /* DetailedViewViewModelType.swift in Sources */,
				D8FD125926515BAC0036BAAE /* LeaderCellViewModel.swift in Sources */,
				D8FD1255265156050036BAAE /* Formatter.swift in Sources */,
				D81B59222649903800F3AFB0 /* EmployeesTableViewCell.swift in Sources */,
				D817DAB9264558DC00A949BE /* TabBarController.swift in Sources */,
				D81B591E2649900900F3AFB0 /* LeadersTableViewCell.swift in Sources */,
				D8FD125F265174A20036BAAE /* Company.swift in Sources */,
				D817DA9D264556CF00A949BE /* AppDelegate.swift in Sources */,
				D817DABD26455A8C00A949BE /* GalleryViewController.swift in Sources */,
				D8FD125D26515F3C0036BAAE /* EmployeeCellViewModel.swift in Sources */,
				D817DABF26455A9900A949BE /* ServiceViewController.swift in Sources */,
				D8FD125B26515CEF0036BAAE /* BookkeepingCellViewModel.swift in Sources */,
				D81B591B264989ED00F3AFB0 /* ListViewModel.swift in Sources */,
				D817DABB26455A6C00A949BE /* ListTableViewController.swift in Sources */,
				D81B59192649882600F3AFB0 /* CoreDataManager.swift in Sources */,
				D81B59202649902800F3AFB0 /* BookkeepingTableViewCell.swift in Sources */,
				D8A3E057264ACE98003C94E8 /* DetailedViewViewModel.swift in Sources */,
				D8A3E055264AC9DA003C94E8 /* EmployeeViewController.swift in Sources */,
				D8478E0D264D830D00AC1E1C /* EmployeeBaseTableViewCell.swift in Sources */,
				D8FD125726515B680036BAAE /* ListCellViewModelType.swift in Sources */,
				D817DA9F264556CF00A949BE /* SceneDelegate.swift in Sources */,
				D8A3E059264ACEC2003C94E8 /* EmployeeType.swift in Sources */,
				D8478E0B264C55A900AC1E1C /* BookkeepingType.swift in Sources */,
			);
			runOnlyForDeploymentPostprocessing = 0;
		};
/* End PBXSourcesBuildPhase section */

/* Begin PBXVariantGroup section */
		D817DAAA264556D000A949BE /* LaunchScreen.storyboard */ = {
			isa = PBXVariantGroup;
			children = (
				D817DAAB264556D000A949BE /* Base */,
			);
			name = LaunchScreen.storyboard;
			sourceTree = "<group>";
		};
/* End PBXVariantGroup section */

/* Begin XCBuildConfiguration section */
		D817DAAE264556D000A949BE /* Debug */ = {
			isa = XCBuildConfiguration;
			buildSettings = {
				ALWAYS_SEARCH_USER_PATHS = NO;
				CLANG_ANALYZER_NONNULL = YES;
				CLANG_ANALYZER_NUMBER_OBJECT_CONVERSION = YES_AGGRESSIVE;
				CLANG_CXX_LANGUAGE_STANDARD = "gnu++14";
				CLANG_CXX_LIBRARY = "libc++";
				CLANG_ENABLE_MODULES = YES;
				CLANG_ENABLE_OBJC_ARC = YES;
				CLANG_ENABLE_OBJC_WEAK = YES;
				CLANG_WARN_BLOCK_CAPTURE_AUTORELEASING = YES;
				CLANG_WARN_BOOL_CONVERSION = YES;
				CLANG_WARN_COMMA = YES;
				CLANG_WARN_CONSTANT_CONVERSION = YES;
				CLANG_WARN_DEPRECATED_OBJC_IMPLEMENTATIONS = YES;
				CLANG_WARN_DIRECT_OBJC_ISA_USAGE = YES_ERROR;
				CLANG_WARN_DOCUMENTATION_COMMENTS = YES;
				CLANG_WARN_EMPTY_BODY = YES;
				CLANG_WARN_ENUM_CONVERSION = YES;
				CLANG_WARN_INFINITE_RECURSION = YES;
				CLANG_WARN_INT_CONVERSION = YES;
				CLANG_WARN_NON_LITERAL_NULL_CONVERSION = YES;
				CLANG_WARN_OBJC_IMPLICIT_RETAIN_SELF = YES;
				CLANG_WARN_OBJC_LITERAL_CONVERSION = YES;
				CLANG_WARN_OBJC_ROOT_CLASS = YES_ERROR;
				CLANG_WARN_QUOTED_INCLUDE_IN_FRAMEWORK_HEADER = YES;
				CLANG_WARN_RANGE_LOOP_ANALYSIS = YES;
				CLANG_WARN_STRICT_PROTOTYPES = YES;
				CLANG_WARN_SUSPICIOUS_MOVE = YES;
				CLANG_WARN_UNGUARDED_AVAILABILITY = YES_AGGRESSIVE;
				CLANG_WARN_UNREACHABLE_CODE = YES;
				CLANG_WARN__DUPLICATE_METHOD_MATCH = YES;
				COPY_PHASE_STRIP = NO;
				DEBUG_INFORMATION_FORMAT = dwarf;
				ENABLE_STRICT_OBJC_MSGSEND = YES;
				ENABLE_TESTABILITY = YES;
				GCC_C_LANGUAGE_STANDARD = gnu11;
				GCC_DYNAMIC_NO_PIC = NO;
				GCC_NO_COMMON_BLOCKS = YES;
				GCC_OPTIMIZATION_LEVEL = 0;
				GCC_PREPROCESSOR_DEFINITIONS = (
					"DEBUG=1",
					"$(inherited)",
				);
				GCC_WARN_64_TO_32_BIT_CONVERSION = YES;
				GCC_WARN_ABOUT_RETURN_TYPE = YES_ERROR;
				GCC_WARN_UNDECLARED_SELECTOR = YES;
				GCC_WARN_UNINITIALIZED_AUTOS = YES_AGGRESSIVE;
				GCC_WARN_UNUSED_FUNCTION = YES;
				GCC_WARN_UNUSED_VARIABLE = YES;
				IPHONEOS_DEPLOYMENT_TARGET = 14.5;
				MTL_ENABLE_DEBUG_INFO = INCLUDE_SOURCE;
				MTL_FAST_MATH = YES;
				ONLY_ACTIVE_ARCH = YES;
				SDKROOT = iphoneos;
				SWIFT_ACTIVE_COMPILATION_CONDITIONS = DEBUG;
				SWIFT_OPTIMIZATION_LEVEL = "-Onone";
			};
			name = Debug;
		};
		D817DAAF264556D000A949BE /* Release */ = {
			isa = XCBuildConfiguration;
			buildSettings = {
				ALWAYS_SEARCH_USER_PATHS = NO;
				CLANG_ANALYZER_NONNULL = YES;
				CLANG_ANALYZER_NUMBER_OBJECT_CONVERSION = YES_AGGRESSIVE;
				CLANG_CXX_LANGUAGE_STANDARD = "gnu++14";
				CLANG_CXX_LIBRARY = "libc++";
				CLANG_ENABLE_MODULES = YES;
				CLANG_ENABLE_OBJC_ARC = YES;
				CLANG_ENABLE_OBJC_WEAK = YES;
				CLANG_WARN_BLOCK_CAPTURE_AUTORELEASING = YES;
				CLANG_WARN_BOOL_CONVERSION = YES;
				CLANG_WARN_COMMA = YES;
				CLANG_WARN_CONSTANT_CONVERSION = YES;
				CLANG_WARN_DEPRECATED_OBJC_IMPLEMENTATIONS = YES;
				CLANG_WARN_DIRECT_OBJC_ISA_USAGE = YES_ERROR;
				CLANG_WARN_DOCUMENTATION_COMMENTS = YES;
				CLANG_WARN_EMPTY_BODY = YES;
				CLANG_WARN_ENUM_CONVERSION = YES;
				CLANG_WARN_INFINITE_RECURSION = YES;
				CLANG_WARN_INT_CONVERSION = YES;
				CLANG_WARN_NON_LITERAL_NULL_CONVERSION = YES;
				CLANG_WARN_OBJC_IMPLICIT_RETAIN_SELF = YES;
				CLANG_WARN_OBJC_LITERAL_CONVERSION = YES;
				CLANG_WARN_OBJC_ROOT_CLASS = YES_ERROR;
				CLANG_WARN_QUOTED_INCLUDE_IN_FRAMEWORK_HEADER = YES;
				CLANG_WARN_RANGE_LOOP_ANALYSIS = YES;
				CLANG_WARN_STRICT_PROTOTYPES = YES;
				CLANG_WARN_SUSPICIOUS_MOVE = YES;
				CLANG_WARN_UNGUARDED_AVAILABILITY = YES_AGGRESSIVE;
				CLANG_WARN_UNREACHABLE_CODE = YES;
				CLANG_WARN__DUPLICATE_METHOD_MATCH = YES;
				COPY_PHASE_STRIP = NO;
				DEBUG_INFORMATION_FORMAT = "dwarf-with-dsym";
				ENABLE_NS_ASSERTIONS = NO;
				ENABLE_STRICT_OBJC_MSGSEND = YES;
				GCC_C_LANGUAGE_STANDARD = gnu11;
				GCC_NO_COMMON_BLOCKS = YES;
				GCC_WARN_64_TO_32_BIT_CONVERSION = YES;
				GCC_WARN_ABOUT_RETURN_TYPE = YES_ERROR;
				GCC_WARN_UNDECLARED_SELECTOR = YES;
				GCC_WARN_UNINITIALIZED_AUTOS = YES_AGGRESSIVE;
				GCC_WARN_UNUSED_FUNCTION = YES;
				GCC_WARN_UNUSED_VARIABLE = YES;
				IPHONEOS_DEPLOYMENT_TARGET = 14.5;
				MTL_ENABLE_DEBUG_INFO = NO;
				MTL_FAST_MATH = YES;
				SDKROOT = iphoneos;
				SWIFT_COMPILATION_MODE = wholemodule;
				SWIFT_OPTIMIZATION_LEVEL = "-O";
				VALIDATE_PRODUCT = YES;
			};
			name = Release;
		};
		D817DAB1264556D000A949BE /* Debug */ = {
			isa = XCBuildConfiguration;
			buildSettings = {
				ASSETCATALOG_COMPILER_APPICON_NAME = AppIcon;
				ASSETCATALOG_COMPILER_GLOBAL_ACCENT_COLOR_NAME = AccentColor;
				CODE_SIGN_STYLE = Automatic;
				INFOPLIST_FILE = ZTestApp/Info.plist;
				LD_RUNPATH_SEARCH_PATHS = (
					"$(inherited)",
					"@executable_path/Frameworks",
				);
				PRODUCT_BUNDLE_IDENTIFIER = "dudkin-dv.ZTestApp";
				PRODUCT_NAME = "$(TARGET_NAME)";
				SWIFT_VERSION = 5.0;
				TARGETED_DEVICE_FAMILY = "1,2";
			};
			name = Debug;
		};
		D817DAB2264556D000A949BE /* Release */ = {
			isa = XCBuildConfiguration;
			buildSettings = {
				ASSETCATALOG_COMPILER_APPICON_NAME = AppIcon;
				ASSETCATALOG_COMPILER_GLOBAL_ACCENT_COLOR_NAME = AccentColor;
				CODE_SIGN_STYLE = Automatic;
				INFOPLIST_FILE = ZTestApp/Info.plist;
				LD_RUNPATH_SEARCH_PATHS = (
					"$(inherited)",
					"@executable_path/Frameworks",
				);
				PRODUCT_BUNDLE_IDENTIFIER = "dudkin-dv.ZTestApp";
				PRODUCT_NAME = "$(TARGET_NAME)";
				SWIFT_VERSION = 5.0;
				TARGETED_DEVICE_FAMILY = "1,2";
			};
			name = Release;
		};
/* End XCBuildConfiguration section */

/* Begin XCConfigurationList section */
		D817DA94264556CF00A949BE /* Build configuration list for PBXProject "ZTestApp" */ = {
			isa = XCConfigurationList;
			buildConfigurations = (
				D817DAAE264556D000A949BE /* Debug */,
				D817DAAF264556D000A949BE /* Release */,
			);
			defaultConfigurationIsVisible = 0;
			defaultConfigurationName = Release;
		};
		D817DAB0264556D000A949BE /* Build configuration list for PBXNativeTarget "ZTestApp" */ = {
			isa = XCConfigurationList;
			buildConfigurations = (
				D817DAB1264556D000A949BE /* Debug */,
				D817DAB2264556D000A949BE /* Release */,
			);
			defaultConfigurationIsVisible = 0;
			defaultConfigurationName = Release;
		};
/* End XCConfigurationList section */

/* Begin XCVersionGroup section */
		D817DAA5264556CF00A949BE /* ZTestApp.xcdatamodeld */ = {
			isa = XCVersionGroup;
			children = (
				D817DAA6264556CF00A949BE /* ZTestApp.xcdatamodel */,
			);
			currentVersion = D817DAA6264556CF00A949BE /* ZTestApp.xcdatamodel */;
			path = ZTestApp.xcdatamodeld;
			sourceTree = "<group>";
			versionGroupType = wrapper.xcdatamodel;
		};
/* End XCVersionGroup section */
	};
	rootObject = D817DA91264556CF00A949BE /* Project object */;
}
