// !$*UTF8*$!
{
	archiveVersion = 1;
	classes = {
	};
	objectVersion = 52;
	objects = {

/* Begin PBXBuildFile section */
		7D1986C5CE81E6E5482B3F14 /* Pods_ZTestApp.framework in Frameworks */ = {isa = PBXBuildFile; fileRef = 051098B4C616CF2069695E9F /* Pods_ZTestApp.framework */; };
		D817DA9D264556CF00A949BE /* AppDelegate.swift in Sources */ = {isa = PBXBuildFile; fileRef = D817DA9C264556CF00A949BE /* AppDelegate.swift */; };
		D817DA9F264556CF00A949BE /* SceneDelegate.swift in Sources */ = {isa = PBXBuildFile; fileRef = D817DA9E264556CF00A949BE /* SceneDelegate.swift */; };
		D817DAA9264556D000A949BE /* Assets.xcassets in Resources */ = {isa = PBXBuildFile; fileRef = D817DAA8264556D000A949BE /* Assets.xcassets */; };
		D817DAAC264556D000A949BE /* LaunchScreen.storyboard in Resources */ = {isa = PBXBuildFile; fileRef = D817DAAA264556D000A949BE /* LaunchScreen.storyboard */; };
		D817DAB9264558DC00A949BE /* TabBarController.swift in Sources */ = {isa = PBXBuildFile; fileRef = D817DAB8264558DC00A949BE /* TabBarController.swift */; };
		D817DABB26455A6C00A949BE /* ListTableViewController.swift in Sources */ = {isa = PBXBuildFile; fileRef = D817DABA26455A6C00A949BE /* ListTableViewController.swift */; };
		D817DABD26455A8C00A949BE /* GalleryViewController.swift in Sources */ = {isa = PBXBuildFile; fileRef = D817DABC26455A8C00A949BE /* GalleryViewController.swift */; };
		D817DABF26455A9900A949BE /* ServiceViewController.swift in Sources */ = {isa = PBXBuildFile; fileRef = D817DABE26455A9900A949BE /* ServiceViewController.swift */; };
		D81B591B264989ED00F3AFB0 /* ListViewModel.swift in Sources */ = {isa = PBXBuildFile; fileRef = D81B591A264989ED00F3AFB0 /* ListViewModel.swift */; };
		D81B591E2649900900F3AFB0 /* LeadersTableViewCell.swift in Sources */ = {isa = PBXBuildFile; fileRef = D81B591D2649900900F3AFB0 /* LeadersTableViewCell.swift */; };
		D81B59202649902800F3AFB0 /* BookkeepingTableViewCell.swift in Sources */ = {isa = PBXBuildFile; fileRef = D81B591F2649902800F3AFB0 /* BookkeepingTableViewCell.swift */; };
		D81B59222649903800F3AFB0 /* EmployeesTableViewCell.swift in Sources */ = {isa = PBXBuildFile; fileRef = D81B59212649903800F3AFB0 /* EmployeesTableViewCell.swift */; };
		D83FC1D0265CDA1800B49E31 /* Localizable.strings in Resources */ = {isa = PBXBuildFile; fileRef = D83FC1D2265CDA1800B49E31 /* Localizable.strings */; };
		D83FC1D7265CE6B600B49E31 /* String+CapitalizedFirstLetter.swift in Sources */ = {isa = PBXBuildFile; fileRef = D83FC1D6265CE6B600B49E31 /* String+CapitalizedFirstLetter.swift */; };
		D8478E0B264C55A900AC1E1C /* BookkeepingType.swift in Sources */ = {isa = PBXBuildFile; fileRef = D8478E0A264C55A900AC1E1C /* BookkeepingType.swift */; };
		D8478E0D264D830D00AC1E1C /* EmployeeBaseTableViewCell.swift in Sources */ = {isa = PBXBuildFile; fileRef = D8478E0C264D830D00AC1E1C /* EmployeeBaseTableViewCell.swift */; };
		D84BE236265968610035B988 /* Leader.swift in Sources */ = {isa = PBXBuildFile; fileRef = D84BE235265968610035B988 /* Leader.swift */; };
		D84BE2382659692F0035B988 /* BaseInfo.swift in Sources */ = {isa = PBXBuildFile; fileRef = D84BE2372659692F0035B988 /* BaseInfo.swift */; };
		D84BE23A265969BC0035B988 /* EmployeeTime.swift in Sources */ = {isa = PBXBuildFile; fileRef = D84BE239265969BC0035B988 /* EmployeeTime.swift */; };
		D84BE23C26596A980035B988 /* Bookkeeper.swift in Sources */ = {isa = PBXBuildFile; fileRef = D84BE23B26596A980035B988 /* Bookkeeper.swift */; };
		D84BE23E26596B4A0035B988 /* Employee.swift in Sources */ = {isa = PBXBuildFile; fileRef = D84BE23D26596B4A0035B988 /* Employee.swift */; };
		D880C6F3265574530008CB3A /* ImageViewWithDownloads.swift in Sources */ = {isa = PBXBuildFile; fileRef = D880C6F2265574530008CB3A /* ImageViewWithDownloads.swift */; };
		D880C6F5265584F70008CB3A /* ImageScrollView.swift in Sources */ = {isa = PBXBuildFile; fileRef = D880C6F4265584F70008CB3A /* ImageScrollView.swift */; };
		D89BFEC8265C047C00CE7748 /* RealmManager.swift in Sources */ = {isa = PBXBuildFile; fileRef = D89BFEC7265C047C00CE7748 /* RealmManager.swift */; };
		D89BFECC265C431600CE7748 /* TextFieldWithTitle.swift in Sources */ = {isa = PBXBuildFile; fileRef = D89BFECB265C431600CE7748 /* TextFieldWithTitle.swift */; };
		D8A3E055264AC9DA003C94E8 /* EmployeeViewController.swift in Sources */ = {isa = PBXBuildFile; fileRef = D8A3E054264AC9DA003C94E8 /* EmployeeViewController.swift */; };
		D8A3E057264ACE98003C94E8 /* DetailedViewViewModel.swift in Sources */ = {isa = PBXBuildFile; fileRef = D8A3E056264ACE98003C94E8 /* DetailedViewViewModel.swift */; };
		D8A3E059264ACEC2003C94E8 /* EmployeeType.swift in Sources */ = {isa = PBXBuildFile; fileRef = D8A3E058264ACEC2003C94E8 /* EmployeeType.swift */; };
		D8A3E05B264AD32D003C94E8 /* DetailedViewType.swift in Sources */ = {isa = PBXBuildFile; fileRef = D8A3E05A264AD32D003C94E8 /* DetailedViewType.swift */; };
		D8A3E05E264ADBA4003C94E8 /* DetailedViewViewModelType.swift in Sources */ = {isa = PBXBuildFile; fileRef = D8A3E05D264ADBA4003C94E8 /* DetailedViewViewModelType.swift */; };
		D8AB94202652BD4E00964E78 /* ApiService.swift in Sources */ = {isa = PBXBuildFile; fileRef = D8AB941F2652BD4E00964E78 /* ApiService.swift */; };
		D8AB94232652BEAE00964E78 /* ApiData.swift in Sources */ = {isa = PBXBuildFile; fileRef = D8AB94222652BEAE00964E78 /* ApiData.swift */; };
		D8AB94272652CA8700964E78 /* ServiceViewViewModel.swift in Sources */ = {isa = PBXBuildFile; fileRef = D8AB94262652CA8700964E78 /* ServiceViewViewModel.swift */; };
		D8AB94292652CDF500964E78 /* ServiceCellViewModel.swift in Sources */ = {isa = PBXBuildFile; fileRef = D8AB94282652CDF500964E78 /* ServiceCellViewModel.swift */; };
		D8AB942B2652CF3700964E78 /* ServiceTableViewCell.swift in Sources */ = {isa = PBXBuildFile; fileRef = D8AB942A2652CF3700964E78 /* ServiceTableViewCell.swift */; };
		D8AB942D2652D92500964E78 /* StringConverter.swift in Sources */ = {isa = PBXBuildFile; fileRef = D8AB942C2652D92500964E78 /* StringConverter.swift */; };
		D8EC4C672654062F0055D5F3 /* Kingfisher in Frameworks */ = {isa = PBXBuildFile; productRef = D8EC4C662654062F0055D5F3 /* Kingfisher */; };
		D8EC4C6926540F760055D5F3 /* ImageUrlsManager.swift in Sources */ = {isa = PBXBuildFile; fileRef = D8EC4C6826540F760055D5F3 /* ImageUrlsManager.swift */; };
		D8EC4C6C26540FFD0055D5F3 /* ImageApiKey.swift in Sources */ = {isa = PBXBuildFile; fileRef = D8EC4C6B26540FFD0055D5F3 /* ImageApiKey.swift */; };
		D8EC4C6F265411280055D5F3 /* ImagesData.swift in Sources */ = {isa = PBXBuildFile; fileRef = D8EC4C6E265411280055D5F3 /* ImagesData.swift */; };
		D8FD1255265156050036BAAE /* Formatter.swift in Sources */ = {isa = PBXBuildFile; fileRef = D8FD1254265156050036BAAE /* Formatter.swift */; };
		D8FD125726515B680036BAAE /* ListCellViewModelType.swift in Sources */ = {isa = PBXBuildFile; fileRef = D8FD125626515B680036BAAE /* ListCellViewModelType.swift */; };
		D8FD125926515BAC0036BAAE /* LeaderCellViewModel.swift in Sources */ = {isa = PBXBuildFile; fileRef = D8FD125826515BAC0036BAAE /* LeaderCellViewModel.swift */; };
		D8FD125B26515CEF0036BAAE /* BookkeepingCellViewModel.swift in Sources */ = {isa = PBXBuildFile; fileRef = D8FD125A26515CEF0036BAAE /* BookkeepingCellViewModel.swift */; };
		D8FD125D26515F3C0036BAAE /* EmployeeCellViewModel.swift in Sources */ = {isa = PBXBuildFile; fileRef = D8FD125C26515F3C0036BAAE /* EmployeeCellViewModel.swift */; };
		D8FD125F265174A20036BAAE /* Company.swift in Sources */ = {isa = PBXBuildFile; fileRef = D8FD125E265174A20036BAAE /* Company.swift */; };
/* End PBXBuildFile section */

/* Begin PBXFileReference section */
		051098B4C616CF2069695E9F /* Pods_ZTestApp.framework */ = {isa = PBXFileReference; explicitFileType = wrapper.framework; includeInIndex = 0; path = Pods_ZTestApp.framework; sourceTree = BUILT_PRODUCTS_DIR; };
		31F1852519BD09BDADEAD3D0 /* Pods-ZTestApp.debug.xcconfig */ = {isa = PBXFileReference; includeInIndex = 1; lastKnownFileType = text.xcconfig; name = "Pods-ZTestApp.debug.xcconfig"; path = "Target Support Files/Pods-ZTestApp/Pods-ZTestApp.debug.xcconfig"; sourceTree = "<group>"; };
		B6DB3E821A36DEC29CF97C7E /* Pods-ZTestApp.release.xcconfig */ = {isa = PBXFileReference; includeInIndex = 1; lastKnownFileType = text.xcconfig; name = "Pods-ZTestApp.release.xcconfig"; path = "Target Support Files/Pods-ZTestApp/Pods-ZTestApp.release.xcconfig"; sourceTree = "<group>"; };
		D817DA99264556CF00A949BE /* ZTestApp.app */ = {isa = PBXFileReference; explicitFileType = wrapper.application; includeInIndex = 0; path = ZTestApp.app; sourceTree = BUILT_PRODUCTS_DIR; };
		D817DA9C264556CF00A949BE /* AppDelegate.swift */ = {isa = PBXFileReference; lastKnownFileType = sourcecode.swift; path = AppDelegate.swift; sourceTree = "<group>"; };
		D817DA9E264556CF00A949BE /* SceneDelegate.swift */ = {isa = PBXFileReference; lastKnownFileType = sourcecode.swift; path = SceneDelegate.swift; sourceTree = "<group>"; };
		D817DAA8264556D000A949BE /* Assets.xcassets */ = {isa = PBXFileReference; lastKnownFileType = folder.assetcatalog; path = Assets.xcassets; sourceTree = "<group>"; };
		D817DAAB264556D000A949BE /* Base */ = {isa = PBXFileReference; lastKnownFileType = file.storyboard; name = Base; path = Base.lproj/LaunchScreen.storyboard; sourceTree = "<group>"; };
		D817DAAD264556D000A949BE /* Info.plist */ = {isa = PBXFileReference; lastKnownFileType = text.plist.xml; path = Info.plist; sourceTree = "<group>"; };
		D817DAB8264558DC00A949BE /* TabBarController.swift */ = {isa = PBXFileReference; lastKnownFileType = sourcecode.swift; path = TabBarController.swift; sourceTree = "<group>"; };
		D817DABA26455A6C00A949BE /* ListTableViewController.swift */ = {isa = PBXFileReference; lastKnownFileType = sourcecode.swift; path = ListTableViewController.swift; sourceTree = "<group>"; };
		D817DABC26455A8C00A949BE /* GalleryViewController.swift */ = {isa = PBXFileReference; lastKnownFileType = sourcecode.swift; path = GalleryViewController.swift; sourceTree = "<group>"; };
		D817DABE26455A9900A949BE /* ServiceViewController.swift */ = {isa = PBXFileReference; lastKnownFileType = sourcecode.swift; path = ServiceViewController.swift; sourceTree = "<group>"; };
		D81B591A264989ED00F3AFB0 /* ListViewModel.swift */ = {isa = PBXFileReference; lastKnownFileType = sourcecode.swift; path = ListViewModel.swift; sourceTree = "<group>"; };
		D81B591D2649900900F3AFB0 /* LeadersTableViewCell.swift */ = {isa = PBXFileReference; lastKnownFileType = sourcecode.swift; path = LeadersTableViewCell.swift; sourceTree = "<group>"; };
		D81B591F2649902800F3AFB0 /* BookkeepingTableViewCell.swift */ = {isa = PBXFileReference; lastKnownFileType = sourcecode.swift; path = BookkeepingTableViewCell.swift; sourceTree = "<group>"; };
		D81B59212649903800F3AFB0 /* EmployeesTableViewCell.swift */ = {isa = PBXFileReference; lastKnownFileType = sourcecode.swift; path = EmployeesTableViewCell.swift; sourceTree = "<group>"; };
		D83FC1D1265CDA1800B49E31 /* en */ = {isa = PBXFileReference; lastKnownFileType = text.plist.strings; name = en; path = en.lproj/Localizable.strings; sourceTree = "<group>"; };
		D83FC1D3265CDB1200B49E31 /* ru */ = {isa = PBXFileReference; lastKnownFileType = text.plist.strings; name = ru; path = ru.lproj/LaunchScreen.strings; sourceTree = "<group>"; };
		D83FC1D4265CDB1200B49E31 /* ru */ = {isa = PBXFileReference; lastKnownFileType = text.plist.strings; name = ru; path = ru.lproj/Localizable.strings; sourceTree = "<group>"; };
		D83FC1D6265CE6B600B49E31 /* String+CapitalizedFirstLetter.swift */ = {isa = PBXFileReference; lastKnownFileType = sourcecode.swift; path = "String+CapitalizedFirstLetter.swift"; sourceTree = "<group>"; };
		D8478E0A264C55A900AC1E1C /* BookkeepingType.swift */ = {isa = PBXFileReference; lastKnownFileType = sourcecode.swift; path = BookkeepingType.swift; sourceTree = "<group>"; };
		D8478E0C264D830D00AC1E1C /* EmployeeBaseTableViewCell.swift */ = {isa = PBXFileReference; lastKnownFileType = sourcecode.swift; path = EmployeeBaseTableViewCell.swift; sourceTree = "<group>"; };
		D84BE235265968610035B988 /* Leader.swift */ = {isa = PBXFileReference; lastKnownFileType = sourcecode.swift; path = Leader.swift; sourceTree = "<group>"; };
		D84BE2372659692F0035B988 /* BaseInfo.swift */ = {isa = PBXFileReference; lastKnownFileType = sourcecode.swift; path = BaseInfo.swift; sourceTree = "<group>"; };
		D84BE239265969BC0035B988 /* EmployeeTime.swift */ = {isa = PBXFileReference; lastKnownFileType = sourcecode.swift; path = EmployeeTime.swift; sourceTree = "<group>"; };
		D84BE23B26596A980035B988 /* Bookkeeper.swift */ = {isa = PBXFileReference; lastKnownFileType = sourcecode.swift; path = Bookkeeper.swift; sourceTree = "<group>"; };
		D84BE23D26596B4A0035B988 /* Employee.swift */ = {isa = PBXFileReference; lastKnownFileType = sourcecode.swift; path = Employee.swift; sourceTree = "<group>"; };
		D880C6F2265574530008CB3A /* ImageViewWithDownloads.swift */ = {isa = PBXFileReference; lastKnownFileType = sourcecode.swift; path = ImageViewWithDownloads.swift; sourceTree = "<group>"; };
		D880C6F4265584F70008CB3A /* ImageScrollView.swift */ = {isa = PBXFileReference; lastKnownFileType = sourcecode.swift; path = ImageScrollView.swift; sourceTree = "<group>"; };
		D89BFEC7265C047C00CE7748 /* RealmManager.swift */ = {isa = PBXFileReference; lastKnownFileType = sourcecode.swift; path = RealmManager.swift; sourceTree = "<group>"; };
		D89BFECB265C431600CE7748 /* TextFieldWithTitle.swift */ = {isa = PBXFileReference; lastKnownFileType = sourcecode.swift; path = TextFieldWithTitle.swift; sourceTree = "<group>"; };
		D8A3E054264AC9DA003C94E8 /* EmployeeViewController.swift */ = {isa = PBXFileReference; lastKnownFileType = sourcecode.swift; path = EmployeeViewController.swift; sourceTree = "<group>"; };
		D8A3E056264ACE98003C94E8 /* DetailedViewViewModel.swift */ = {isa = PBXFileReference; lastKnownFileType = sourcecode.swift; path = DetailedViewViewModel.swift; sourceTree = "<group>"; };
		D8A3E058264ACEC2003C94E8 /* EmployeeType.swift */ = {isa = PBXFileReference; lastKnownFileType = sourcecode.swift; path = EmployeeType.swift; sourceTree = "<group>"; };
		D8A3E05A264AD32D003C94E8 /* DetailedViewType.swift */ = {isa = PBXFileReference; lastKnownFileType = sourcecode.swift; path = DetailedViewType.swift; sourceTree = "<group>"; };
		D8A3E05D264ADBA4003C94E8 /* DetailedViewViewModelType.swift */ = {isa = PBXFileReference; lastKnownFileType = sourcecode.swift; path = DetailedViewViewModelType.swift; sourceTree = "<group>"; };
		D8AB941F2652BD4E00964E78 /* ApiService.swift */ = {isa = PBXFileReference; lastKnownFileType = sourcecode.swift; path = ApiService.swift; sourceTree = "<group>"; };
		D8AB94222652BEAE00964E78 /* ApiData.swift */ = {isa = PBXFileReference; lastKnownFileType = sourcecode.swift; path = ApiData.swift; sourceTree = "<group>"; };
		D8AB94262652CA8700964E78 /* ServiceViewViewModel.swift */ = {isa = PBXFileReference; lastKnownFileType = sourcecode.swift; path = ServiceViewViewModel.swift; sourceTree = "<group>"; };
		D8AB94282652CDF500964E78 /* ServiceCellViewModel.swift */ = {isa = PBXFileReference; lastKnownFileType = sourcecode.swift; path = ServiceCellViewModel.swift; sourceTree = "<group>"; };
		D8AB942A2652CF3700964E78 /* ServiceTableViewCell.swift */ = {isa = PBXFileReference; lastKnownFileType = sourcecode.swift; path = ServiceTableViewCell.swift; sourceTree = "<group>"; };
		D8AB942C2652D92500964E78 /* StringConverter.swift */ = {isa = PBXFileReference; lastKnownFileType = sourcecode.swift; path = StringConverter.swift; sourceTree = "<group>"; };
		D8EC4C6826540F760055D5F3 /* ImageUrlsManager.swift */ = {isa = PBXFileReference; lastKnownFileType = sourcecode.swift; path = ImageUrlsManager.swift; sourceTree = "<group>"; };
		D8EC4C6B26540FFD0055D5F3 /* ImageApiKey.swift */ = {isa = PBXFileReference; lastKnownFileType = sourcecode.swift; path = ImageApiKey.swift; sourceTree = "<group>"; };
		D8EC4C6E265411280055D5F3 /* ImagesData.swift */ = {isa = PBXFileReference; lastKnownFileType = sourcecode.swift; path = ImagesData.swift; sourceTree = "<group>"; };
		D8FD1254265156050036BAAE /* Formatter.swift */ = {isa = PBXFileReference; lastKnownFileType = sourcecode.swift; path = Formatter.swift; sourceTree = "<group>"; };
		D8FD125626515B680036BAAE /* ListCellViewModelType.swift */ = {isa = PBXFileReference; lastKnownFileType = sourcecode.swift; path = ListCellViewModelType.swift; sourceTree = "<group>"; };
		D8FD125826515BAC0036BAAE /* LeaderCellViewModel.swift */ = {isa = PBXFileReference; lastKnownFileType = sourcecode.swift; path = LeaderCellViewModel.swift; sourceTree = "<group>"; };
		D8FD125A26515CEF0036BAAE /* BookkeepingCellViewModel.swift */ = {isa = PBXFileReference; lastKnownFileType = sourcecode.swift; path = BookkeepingCellViewModel.swift; sourceTree = "<group>"; };
		D8FD125C26515F3C0036BAAE /* EmployeeCellViewModel.swift */ = {isa = PBXFileReference; lastKnownFileType = sourcecode.swift; path = EmployeeCellViewModel.swift; sourceTree = "<group>"; };
		D8FD125E265174A20036BAAE /* Company.swift */ = {isa = PBXFileReference; lastKnownFileType = sourcecode.swift; path = Company.swift; sourceTree = "<group>"; };
/* End PBXFileReference section */

/* Begin PBXFrameworksBuildPhase section */
		D817DA96264556CF00A949BE /* Frameworks */ = {
			isa = PBXFrameworksBuildPhase;
			buildActionMask = 2147483647;
			files = (
				D8EC4C672654062F0055D5F3 /* Kingfisher in Frameworks */,
				7D1986C5CE81E6E5482B3F14 /* Pods_ZTestApp.framework in Frameworks */,
			);
			runOnlyForDeploymentPostprocessing = 0;
		};
/* End PBXFrameworksBuildPhase section */

/* Begin PBXGroup section */
		7B76D8AD0F4D418486265DEA /* Frameworks */ = {
			isa = PBXGroup;
			children = (
				051098B4C616CF2069695E9F /* Pods_ZTestApp.framework */,
			);
			name = Frameworks;
			sourceTree = "<group>";
		};
		D817DA90264556CF00A949BE = {
			isa = PBXGroup;
			children = (
				D817DA9B264556CF00A949BE /* ZTestApp */,
				D817DA9A264556CF00A949BE /* Products */,
				FDF6E0C835C88A1A33EC7F4B /* Pods */,
				7B76D8AD0F4D418486265DEA /* Frameworks */,
			);
			sourceTree = "<group>";
		};
		D817DA9A264556CF00A949BE /* Products */ = {
			isa = PBXGroup;
			children = (
				D817DA99264556CF00A949BE /* ZTestApp.app */,
			);
			name = Products;
			sourceTree = "<group>";
		};
		D817DA9B264556CF00A949BE /* ZTestApp */ = {
			isa = PBXGroup;
			children = (
				D817DA9C264556CF00A949BE /* AppDelegate.swift */,
				D817DA9E264556CF00A949BE /* SceneDelegate.swift */,
				D817DAAD264556D000A949BE /* Info.plist */,
				D83FC1D5265CE68900B49E31 /* Extensions */,
				D817DAB7264557D000A949BE /* Sources */,
				D817DAB52645574900A949BE /* ViewModels */,
				D8A3E05C264ADB78003C94E8 /* Protocols */,
				D81B5917264987FE00F3AFB0 /* Tools */,
				D8EC4C6A26540FC30055D5F3 /* Constants */,
				D817DAB42645574100A949BE /* Models */,
				D817DAB32645573900A949BE /* View */,
			);
			path = ZTestApp;
			sourceTree = "<group>";
		};
		D817DAB32645573900A949BE /* View */ = {
			isa = PBXGroup;
			children = (
				D817DAB8264558DC00A949BE /* TabBarController.swift */,
				D89E1A522652F7490005AE6E /* Gallery */,
				D8AB94242652C55000964E78 /* Service */,
				D8AB941D2652BD2D00964E78 /* List */,
				D817DAB62645578800A949BE /* Storyboards */,
			);
			path = View;
			sourceTree = "<group>";
		};
		D817DAB42645574100A949BE /* Models */ = {
			isa = PBXGroup;
			children = (
				D8AB941C2652BD1D00964E78 /* List */,
				D8EC4C6D265411150055D5F3 /* Gallery */,
				D8AB94212652BE6200964E78 /* Service */,
			);
			path = Models;
			sourceTree = "<group>";
		};
		D817DAB52645574900A949BE /* ViewModels */ = {
			isa = PBXGroup;
			children = (
				D8AB94252652CA6F00964E78 /* Service */,
				D8AB941B2652BD1200964E78 /* List */,
			);
			path = ViewModels;
			sourceTree = "<group>";
		};
		D817DAB62645578800A949BE /* Storyboards */ = {
			isa = PBXGroup;
			children = (
				D817DAAA264556D000A949BE /* LaunchScreen.storyboard */,
			);
			path = Storyboards;
			sourceTree = "<group>";
		};
		D817DAB7264557D000A949BE /* Sources */ = {
			isa = PBXGroup;
			children = (
				D817DAA8264556D000A949BE /* Assets.xcassets */,
				D83FC1D2265CDA1800B49E31 /* Localizable.strings */,
			);
			path = Sources;
			sourceTree = "<group>";
		};
		D81B5917264987FE00F3AFB0 /* Tools */ = {
			isa = PBXGroup;
			children = (
				D8FD1254265156050036BAAE /* Formatter.swift */,
				D8AB941F2652BD4E00964E78 /* ApiService.swift */,
				D8AB942C2652D92500964E78 /* StringConverter.swift */,
				D8EC4C6826540F760055D5F3 /* ImageUrlsManager.swift */,
				D89BFEC7265C047C00CE7748 /* RealmManager.swift */,
			);
			path = Tools;
			sourceTree = "<group>";
		};
		D81B591C26498FE500F3AFB0 /* Cells */ = {
			isa = PBXGroup;
			children = (
				D8478E0C264D830D00AC1E1C /* EmployeeBaseTableViewCell.swift */,
				D81B591D2649900900F3AFB0 /* LeadersTableViewCell.swift */,
				D81B591F2649902800F3AFB0 /* BookkeepingTableViewCell.swift */,
				D81B59212649903800F3AFB0 /* EmployeesTableViewCell.swift */,
			);
			path = Cells;
			sourceTree = "<group>";
		};
		D83FC1D5265CE68900B49E31 /* Extensions */ = {
			isa = PBXGroup;
			children = (
				D83FC1D6265CE6B600B49E31 /* String+CapitalizedFirstLetter.swift */,
			);
			path = Extensions;
			sourceTree = "<group>";
		};
		D89E1A522652F7490005AE6E /* Gallery */ = {
			isa = PBXGroup;
			children = (
				D817DABC26455A8C00A949BE /* GalleryViewController.swift */,
				D880C6F4265584F70008CB3A /* ImageScrollView.swift */,
				D880C6F2265574530008CB3A /* ImageViewWithDownloads.swift */,
			);
			path = Gallery;
			sourceTree = "<group>";
		};
		D8A3E05C264ADB78003C94E8 /* Protocols */ = {
			isa = PBXGroup;
			children = (
				D8AB941E2652BD3900964E78 /* List */,
			);
			path = Protocols;
			sourceTree = "<group>";
		};
		D8AB941B2652BD1200964E78 /* List */ = {
			isa = PBXGroup;
			children = (
				D81B591A264989ED00F3AFB0 /* ListViewModel.swift */,
				D8A3E056264ACE98003C94E8 /* DetailedViewViewModel.swift */,
				D8FD125826515BAC0036BAAE /* LeaderCellViewModel.swift */,
				D8FD125A26515CEF0036BAAE /* BookkeepingCellViewModel.swift */,
				D8FD125C26515F3C0036BAAE /* EmployeeCellViewModel.swift */,
			);
			path = List;
			sourceTree = "<group>";
		};
		D8AB941C2652BD1D00964E78 /* List */ = {
			isa = PBXGroup;
			children = (
				D8A3E058264ACEC2003C94E8 /* EmployeeType.swift */,
				D8A3E05A264AD32D003C94E8 /* DetailedViewType.swift */,
				D8478E0A264C55A900AC1E1C /* BookkeepingType.swift */,
				D8FD125E265174A20036BAAE /* Company.swift */,
				D84BE235265968610035B988 /* Leader.swift */,
				D84BE2372659692F0035B988 /* BaseInfo.swift */,
				D84BE239265969BC0035B988 /* EmployeeTime.swift */,
				D84BE23B26596A980035B988 /* Bookkeeper.swift */,
				D84BE23D26596B4A0035B988 /* Employee.swift */,
			);
			path = List;
			sourceTree = "<group>";
		};
		D8AB941D2652BD2D00964E78 /* List */ = {
			isa = PBXGroup;
			children = (
				D81B591C26498FE500F3AFB0 /* Cells */,
				D817DABA26455A6C00A949BE /* ListTableViewController.swift */,
				D8A3E054264AC9DA003C94E8 /* EmployeeViewController.swift */,
				D89BFECB265C431600CE7748 /* TextFieldWithTitle.swift */,
			);
			path = List;
			sourceTree = "<group>";
		};
		D8AB941E2652BD3900964E78 /* List */ = {
			isa = PBXGroup;
			children = (
				D8A3E05D264ADBA4003C94E8 /* DetailedViewViewModelType.swift */,
				D8FD125626515B680036BAAE /* ListCellViewModelType.swift */,
			);
			path = List;
			sourceTree = "<group>";
		};
		D8AB94212652BE6200964E78 /* Service */ = {
			isa = PBXGroup;
			children = (
				D8AB94222652BEAE00964E78 /* ApiData.swift */,
			);
			path = Service;
			sourceTree = "<group>";
		};
		D8AB94242652C55000964E78 /* Service */ = {
			isa = PBXGroup;
			children = (
				D817DABE26455A9900A949BE /* ServiceViewController.swift */,
				D8AB942A2652CF3700964E78 /* ServiceTableViewCell.swift */,
			);
			path = Service;
			sourceTree = "<group>";
		};
		D8AB94252652CA6F00964E78 /* Service */ = {
			isa = PBXGroup;
			children = (
				D8AB94262652CA8700964E78 /* ServiceViewViewModel.swift */,
				D8AB94282652CDF500964E78 /* ServiceCellViewModel.swift */,
			);
			path = Service;
			sourceTree = "<group>";
		};
		D8EC4C6A26540FC30055D5F3 /* Constants */ = {
			isa = PBXGroup;
			children = (
				D8EC4C6B26540FFD0055D5F3 /* ImageApiKey.swift */,
			);
			path = Constants;
			sourceTree = "<group>";
		};
		D8EC4C6D265411150055D5F3 /* Gallery */ = {
			isa = PBXGroup;
			children = (
				D8EC4C6E265411280055D5F3 /* ImagesData.swift */,
			);
			path = Gallery;
			sourceTree = "<group>";
		};
		FDF6E0C835C88A1A33EC7F4B /* Pods */ = {
			isa = PBXGroup;
			children = (
				31F1852519BD09BDADEAD3D0 /* Pods-ZTestApp.debug.xcconfig */,
				B6DB3E821A36DEC29CF97C7E /* Pods-ZTestApp.release.xcconfig */,
			);
			path = Pods;
			sourceTree = "<group>";
		};
/* End PBXGroup section */

/* Begin PBXNativeTarget section */
		D817DA98264556CF00A949BE /* ZTestApp */ = {
			isa = PBXNativeTarget;
			buildConfigurationList = D817DAB0264556D000A949BE /* Build configuration list for PBXNativeTarget "ZTestApp" */;
			buildPhases = (
				5B019EE9CCB457365E8FBFB5 /* [CP] Check Pods Manifest.lock */,
				D817DA95264556CF00A949BE /* Sources */,
				D817DA96264556CF00A949BE /* Frameworks */,
				D817DA97264556CF00A949BE /* Resources */,
				D817DAC026456E1100A949BE /* ShellScript */,
				6177598D6001F497483A7E2D /* [CP] Embed Pods Frameworks */,
			);
			buildRules = (
			);
			dependencies = (
			);
			name = ZTestApp;
			packageProductDependencies = (
				D8EC4C662654062F0055D5F3 /* Kingfisher */,
			);
			productName = ZTestApp;
			productReference = D817DA99264556CF00A949BE /* ZTestApp.app */;
			productType = "com.apple.product-type.application";
		};
/* End PBXNativeTarget section */

/* Begin PBXProject section */
		D817DA91264556CF00A949BE /* Project object */ = {
			isa = PBXProject;
			attributes = {
				LastSwiftUpdateCheck = 1250;
				LastUpgradeCheck = 1250;
				TargetAttributes = {
					D817DA98264556CF00A949BE = {
						CreatedOnToolsVersion = 12.5;
					};
				};
			};
			buildConfigurationList = D817DA94264556CF00A949BE /* Build configuration list for PBXProject "ZTestApp" */;
			compatibilityVersion = "Xcode 9.3";
			developmentRegion = en;
			hasScannedForEncodings = 0;
			knownRegions = (
				en,
				Base,
				ru,
			);
			mainGroup = D817DA90264556CF00A949BE;
			packageReferences = (
				D8EC4C652654062F0055D5F3 /* XCRemoteSwiftPackageReference "Kingfisher" */,
			);
			productRefGroup = D817DA9A264556CF00A949BE /* Products */;
			projectDirPath = "";
			projectRoot = "";
			targets = (
				D817DA98264556CF00A949BE /* ZTestApp */,
			);
		};
/* End PBXProject section */

/* Begin PBXResourcesBuildPhase section */
		D817DA97264556CF00A949BE /* Resources */ = {
			isa = PBXResourcesBuildPhase;
			buildActionMask = 2147483647;
			files = (
				D817DAAC264556D000A949BE /* LaunchScreen.storyboard in Resources */,
				D83FC1D0265CDA1800B49E31 /* Localizable.strings in Resources */,
				D817DAA9264556D000A949BE /* Assets.xcassets in Resources */,
			);
			runOnlyForDeploymentPostprocessing = 0;
		};
/* End PBXResourcesBuildPhase section */

/* Begin PBXShellScriptBuildPhase section */
		5B019EE9CCB457365E8FBFB5 /* [CP] Check Pods Manifest.lock */ = {
			isa = PBXShellScriptBuildPhase;
			buildActionMask = 2147483647;
			files = (
			);
			inputFileListPaths = (
			);
			inputPaths = (
				"${PODS_PODFILE_DIR_PATH}/Podfile.lock",
				"${PODS_ROOT}/Manifest.lock",
			);
			name = "[CP] Check Pods Manifest.lock";
			outputFileListPaths = (
			);
			outputPaths = (
				"$(DERIVED_FILE_DIR)/Pods-ZTestApp-checkManifestLockResult.txt",
			);
			runOnlyForDeploymentPostprocessing = 0;
			shellPath = /bin/sh;
			shellScript = "diff \"${PODS_PODFILE_DIR_PATH}/Podfile.lock\" \"${PODS_ROOT}/Manifest.lock\" > /dev/null\nif [ $? != 0 ] ; then\n    # print error to STDERR\n    echo \"error: The sandbox is not in sync with the Podfile.lock. Run 'pod install' or update your CocoaPods installation.\" >&2\n    exit 1\nfi\n# This output is used by Xcode 'outputs' to avoid re-running this script phase.\necho \"SUCCESS\" > \"${SCRIPT_OUTPUT_FILE_0}\"\n";
			showEnvVarsInLog = 0;
		};
		6177598D6001F497483A7E2D /* [CP] Embed Pods Frameworks */ = {
			isa = PBXShellScriptBuildPhase;
			buildActionMask = 2147483647;
			files = (
			);
			inputFileListPaths = (
				"${PODS_ROOT}/Target Support Files/Pods-ZTestApp/Pods-ZTestApp-frameworks-${CONFIGURATION}-input-files.xcfilelist",
			);
			name = "[CP] Embed Pods Frameworks";
			outputFileListPaths = (
				"${PODS_ROOT}/Target Support Files/Pods-ZTestApp/Pods-ZTestApp-frameworks-${CONFIGURATION}-output-files.xcfilelist",
			);
			runOnlyForDeploymentPostprocessing = 0;
			shellPath = /bin/sh;
			shellScript = "\"${PODS_ROOT}/Target Support Files/Pods-ZTestApp/Pods-ZTestApp-frameworks.sh\"\n";
			showEnvVarsInLog = 0;
		};
		D817DAC026456E1100A949BE /* ShellScript */ = {
			isa = PBXShellScriptBuildPhase;
			buildActionMask = 2147483647;
			files = (
			);
			inputFileListPaths = (
			);
			inputPaths = (
			);
			outputFileListPaths = (
			);
			outputPaths = (
			);
			runOnlyForDeploymentPostprocessing = 0;
			shellPath = /bin/sh;
			shellScript = "export PATH=\"$PATH:/opt/homebrew/bin\"\n\nif which swiftlint; then\n    swiftlint autocorrect && swiftlint\nelse\n  echo \"warning: SwiftLint not installed, download from https://github.com/realm/SwiftLint\"\n  exit 1\nfi\n";
		};
/* End PBXShellScriptBuildPhase section */

/* Begin PBXSourcesBuildPhase section */
		D817DA95264556CF00A949BE /* Sources */ = {
			isa = PBXSourcesBuildPhase;
			buildActionMask = 2147483647;
			files = (
				D8A3E05B264AD32D003C94E8 /* DetailedViewType.swift in Sources */,
				D8EC4C6926540F760055D5F3 /* ImageUrlsManager.swift in Sources */,
				D880C6F3265574530008CB3A /* ImageViewWithDownloads.swift in Sources */,
				D8A3E05E264ADBA4003C94E8 /* DetailedViewViewModelType.swift in Sources */,
				D84BE2382659692F0035B988 /* BaseInfo.swift in Sources */,
				D8EC4C6C26540FFD0055D5F3 /* ImageApiKey.swift in Sources */,
				D84BE236265968610035B988 /* Leader.swift in Sources */,
				D8FD125926515BAC0036BAAE /* LeaderCellViewModel.swift in Sources */,
				D8AB942D2652D92500964E78 /* StringConverter.swift in Sources */,
				D8FD1255265156050036BAAE /* Formatter.swift in Sources */,
				D81B59222649903800F3AFB0 /* EmployeesTableViewCell.swift in Sources */,
				D817DAB9264558DC00A949BE /* TabBarController.swift in Sources */,
				D8AB942B2652CF3700964E78 /* ServiceTableViewCell.swift in Sources */,
				D81B591E2649900900F3AFB0 /* LeadersTableViewCell.swift in Sources */,
				D8FD125F265174A20036BAAE /* Company.swift in Sources */,
				D8EC4C6F265411280055D5F3 /* ImagesData.swift in Sources */,
				D83FC1D7265CE6B600B49E31 /* String+CapitalizedFirstLetter.swift in Sources */,
				D817DA9D264556CF00A949BE /* AppDelegate.swift in Sources */,
				D89BFEC8265C047C00CE7748 /* RealmManager.swift in Sources */,
				D817DABD26455A8C00A949BE /* GalleryViewController.swift in Sources */,
				D8AB94232652BEAE00964E78 /* ApiData.swift in Sources */,
				D8FD125D26515F3C0036BAAE /* EmployeeCellViewModel.swift in Sources */,
				D817DABF26455A9900A949BE /* ServiceViewController.swift in Sources */,
				D8FD125B26515CEF0036BAAE /* BookkeepingCellViewModel.swift in Sources */,
				D84BE23E26596B4A0035B988 /* Employee.swift in Sources */,
				D880C6F5265584F70008CB3A /* ImageScrollView.swift in Sources */,
				D81B591B264989ED00F3AFB0 /* ListViewModel.swift in Sources */,
				D84BE23C26596A980035B988 /* Bookkeeper.swift in Sources */,
				D817DABB26455A6C00A949BE /* ListTableViewController.swift in Sources */,
				D8AB94292652CDF500964E78 /* ServiceCellViewModel.swift in Sources */,
				D81B59202649902800F3AFB0 /* BookkeepingTableViewCell.swift in Sources */,
				D8A3E057264ACE98003C94E8 /* DetailedViewViewModel.swift in Sources */,
				D8A3E055264AC9DA003C94E8 /* EmployeeViewController.swift in Sources */,
				D8AB94202652BD4E00964E78 /* ApiService.swift in Sources */,
				D8478E0D264D830D00AC1E1C /* EmployeeBaseTableViewCell.swift in Sources */,
				D8FD125726515B680036BAAE /* ListCellViewModelType.swift in Sources */,
				D817DA9F264556CF00A949BE /* SceneDelegate.swift in Sources */,
				D8AB94272652CA8700964E78 /* ServiceViewViewModel.swift in Sources */,
				D8A3E059264ACEC2003C94E8 /* EmployeeType.swift in Sources */,
				D8478E0B264C55A900AC1E1C /* BookkeepingType.swift in Sources */,
				D89BFECC265C431600CE7748 /* TextFieldWithTitle.swift in Sources */,
				D84BE23A265969BC0035B988 /* EmployeeTime.swift in Sources */,
			);
			runOnlyForDeploymentPostprocessing = 0;
		};
/* End PBXSourcesBuildPhase section */

/* Begin PBXVariantGroup section */
		D817DAAA264556D000A949BE /* LaunchScreen.storyboard */ = {
			isa = PBXVariantGroup;
			children = (
				D817DAAB264556D000A949BE /* Base */,
				D83FC1D3265CDB1200B49E31 /* ru */,
			);
			name = LaunchScreen.storyboard;
			sourceTree = "<group>";
		};
		D83FC1D2265CDA1800B49E31 /* Localizable.strings */ = {
			isa = PBXVariantGroup;
			children = (
				D83FC1D1265CDA1800B49E31 /* en */,
				D83FC1D4265CDB1200B49E31 /* ru */,
			);
			name = Localizable.strings;
			sourceTree = "<group>";
		};
/* End PBXVariantGroup section */

/* Begin XCBuildConfiguration section */
		D817DAAE264556D000A949BE /* Debug */ = {
			isa = XCBuildConfiguration;
			buildSettings = {
				ALWAYS_SEARCH_USER_PATHS = NO;
				CLANG_ANALYZER_LOCALIZABILITY_NONLOCALIZED = YES;
				CLANG_ANALYZER_NONNULL = YES;
				CLANG_ANALYZER_NUMBER_OBJECT_CONVERSION = YES_AGGRESSIVE;
				CLANG_CXX_LANGUAGE_STANDARD = "gnu++14";
				CLANG_CXX_LIBRARY = "libc++";
				CLANG_ENABLE_MODULES = YES;
				CLANG_ENABLE_OBJC_ARC = YES;
				CLANG_ENABLE_OBJC_WEAK = YES;
				CLANG_WARN_BLOCK_CAPTURE_AUTORELEASING = YES;
				CLANG_WARN_BOOL_CONVERSION = YES;
				CLANG_WARN_COMMA = YES;
				CLANG_WARN_CONSTANT_CONVERSION = YES;
				CLANG_WARN_DEPRECATED_OBJC_IMPLEMENTATIONS = YES;
				CLANG_WARN_DIRECT_OBJC_ISA_USAGE = YES_ERROR;
				CLANG_WARN_DOCUMENTATION_COMMENTS = YES;
				CLANG_WARN_EMPTY_BODY = YES;
				CLANG_WARN_ENUM_CONVERSION = YES;
				CLANG_WARN_INFINITE_RECURSION = YES;
				CLANG_WARN_INT_CONVERSION = YES;
				CLANG_WARN_NON_LITERAL_NULL_CONVERSION = YES;
				CLANG_WARN_OBJC_IMPLICIT_RETAIN_SELF = YES;
				CLANG_WARN_OBJC_LITERAL_CONVERSION = YES;
				CLANG_WARN_OBJC_ROOT_CLASS = YES_ERROR;
				CLANG_WARN_QUOTED_INCLUDE_IN_FRAMEWORK_HEADER = YES;
				CLANG_WARN_RANGE_LOOP_ANALYSIS = YES;
				CLANG_WARN_STRICT_PROTOTYPES = YES;
				CLANG_WARN_SUSPICIOUS_MOVE = YES;
				CLANG_WARN_UNGUARDED_AVAILABILITY = YES_AGGRESSIVE;
				CLANG_WARN_UNREACHABLE_CODE = YES;
				CLANG_WARN__DUPLICATE_METHOD_MATCH = YES;
				COPY_PHASE_STRIP = NO;
				DEBUG_INFORMATION_FORMAT = dwarf;
				ENABLE_STRICT_OBJC_MSGSEND = YES;
				ENABLE_TESTABILITY = YES;
				GCC_C_LANGUAGE_STANDARD = gnu11;
				GCC_DYNAMIC_NO_PIC = NO;
				GCC_NO_COMMON_BLOCKS = YES;
				GCC_OPTIMIZATION_LEVEL = 0;
				GCC_PREPROCESSOR_DEFINITIONS = (
					"DEBUG=1",
					"$(inherited)",
				);
				GCC_WARN_64_TO_32_BIT_CONVERSION = YES;
				GCC_WARN_ABOUT_RETURN_TYPE = YES_ERROR;
				GCC_WARN_UNDECLARED_SELECTOR = YES;
				GCC_WARN_UNINITIALIZED_AUTOS = YES_AGGRESSIVE;
				GCC_WARN_UNUSED_FUNCTION = YES;
				GCC_WARN_UNUSED_VARIABLE = YES;
				IPHONEOS_DEPLOYMENT_TARGET = 14.5;
				MTL_ENABLE_DEBUG_INFO = INCLUDE_SOURCE;
				MTL_FAST_MATH = YES;
				ONLY_ACTIVE_ARCH = YES;
				SDKROOT = iphoneos;
				SWIFT_ACTIVE_COMPILATION_CONDITIONS = DEBUG;
				SWIFT_OPTIMIZATION_LEVEL = "-Onone";
			};
			name = Debug;
		};
		D817DAAF264556D000A949BE /* Release */ = {
			isa = XCBuildConfiguration;
			buildSettings = {
				ALWAYS_SEARCH_USER_PATHS = NO;
				CLANG_ANALYZER_LOCALIZABILITY_NONLOCALIZED = YES;
				CLANG_ANALYZER_NONNULL = YES;
				CLANG_ANALYZER_NUMBER_OBJECT_CONVERSION = YES_AGGRESSIVE;
				CLANG_CXX_LANGUAGE_STANDARD = "gnu++14";
				CLANG_CXX_LIBRARY = "libc++";
				CLANG_ENABLE_MODULES = YES;
				CLANG_ENABLE_OBJC_ARC = YES;
				CLANG_ENABLE_OBJC_WEAK = YES;
				CLANG_WARN_BLOCK_CAPTURE_AUTORELEASING = YES;
				CLANG_WARN_BOOL_CONVERSION = YES;
				CLANG_WARN_COMMA = YES;
				CLANG_WARN_CONSTANT_CONVERSION = YES;
				CLANG_WARN_DEPRECATED_OBJC_IMPLEMENTATIONS = YES;
				CLANG_WARN_DIRECT_OBJC_ISA_USAGE = YES_ERROR;
				CLANG_WARN_DOCUMENTATION_COMMENTS = YES;
				CLANG_WARN_EMPTY_BODY = YES;
				CLANG_WARN_ENUM_CONVERSION = YES;
				CLANG_WARN_INFINITE_RECURSION = YES;
				CLANG_WARN_INT_CONVERSION = YES;
				CLANG_WARN_NON_LITERAL_NULL_CONVERSION = YES;
				CLANG_WARN_OBJC_IMPLICIT_RETAIN_SELF = YES;
				CLANG_WARN_OBJC_LITERAL_CONVERSION = YES;
				CLANG_WARN_OBJC_ROOT_CLASS = YES_ERROR;
				CLANG_WARN_QUOTED_INCLUDE_IN_FRAMEWORK_HEADER = YES;
				CLANG_WARN_RANGE_LOOP_ANALYSIS = YES;
				CLANG_WARN_STRICT_PROTOTYPES = YES;
				CLANG_WARN_SUSPICIOUS_MOVE = YES;
				CLANG_WARN_UNGUARDED_AVAILABILITY = YES_AGGRESSIVE;
				CLANG_WARN_UNREACHABLE_CODE = YES;
				CLANG_WARN__DUPLICATE_METHOD_MATCH = YES;
				COPY_PHASE_STRIP = NO;
				DEBUG_INFORMATION_FORMAT = "dwarf-with-dsym";
				ENABLE_NS_ASSERTIONS = NO;
				ENABLE_STRICT_OBJC_MSGSEND = YES;
				GCC_C_LANGUAGE_STANDARD = gnu11;
				GCC_NO_COMMON_BLOCKS = YES;
				GCC_WARN_64_TO_32_BIT_CONVERSION = YES;
				GCC_WARN_ABOUT_RETURN_TYPE = YES_ERROR;
				GCC_WARN_UNDECLARED_SELECTOR = YES;
				GCC_WARN_UNINITIALIZED_AUTOS = YES_AGGRESSIVE;
				GCC_WARN_UNUSED_FUNCTION = YES;
				GCC_WARN_UNUSED_VARIABLE = YES;
				IPHONEOS_DEPLOYMENT_TARGET = 14.5;
				MTL_ENABLE_DEBUG_INFO = NO;
				MTL_FAST_MATH = YES;
				SDKROOT = iphoneos;
				SWIFT_COMPILATION_MODE = wholemodule;
				SWIFT_OPTIMIZATION_LEVEL = "-O";
				VALIDATE_PRODUCT = YES;
			};
			name = Release;
		};
		D817DAB1264556D000A949BE /* Debug */ = {
			isa = XCBuildConfiguration;
			baseConfigurationReference = 31F1852519BD09BDADEAD3D0 /* Pods-ZTestApp.debug.xcconfig */;
			buildSettings = {
				ASSETCATALOG_COMPILER_APPICON_NAME = AppIcon;
				ASSETCATALOG_COMPILER_GLOBAL_ACCENT_COLOR_NAME = AccentColor;
				CODE_SIGN_STYLE = Automatic;
				INFOPLIST_FILE = ZTestApp/Info.plist;
				LD_RUNPATH_SEARCH_PATHS = (
					"$(inherited)",
					"@executable_path/Frameworks",
				);
				PRODUCT_BUNDLE_IDENTIFIER = "dudkin-dv.ZTestApp";
				PRODUCT_NAME = "$(TARGET_NAME)";
				SWIFT_VERSION = 5.0;
				TARGETED_DEVICE_FAMILY = "1,2";
			};
			name = Debug;
		};
		D817DAB2264556D000A949BE /* Release */ = {
			isa = XCBuildConfiguration;
			baseConfigurationReference = B6DB3E821A36DEC29CF97C7E /* Pods-ZTestApp.release.xcconfig */;
			buildSettings = {
				ASSETCATALOG_COMPILER_APPICON_NAME = AppIcon;
				ASSETCATALOG_COMPILER_GLOBAL_ACCENT_COLOR_NAME = AccentColor;
				CODE_SIGN_STYLE = Automatic;
				INFOPLIST_FILE = ZTestApp/Info.plist;
				LD_RUNPATH_SEARCH_PATHS = (
					"$(inherited)",
					"@executable_path/Frameworks",
				);
				PRODUCT_BUNDLE_IDENTIFIER = "dudkin-dv.ZTestApp";
				PRODUCT_NAME = "$(TARGET_NAME)";
				SWIFT_VERSION = 5.0;
				TARGETED_DEVICE_FAMILY = "1,2";
			};
			name = Release;
		};
/* End XCBuildConfiguration section */

/* Begin XCConfigurationList section */
		D817DA94264556CF00A949BE /* Build configuration list for PBXProject "ZTestApp" */ = {
			isa = XCConfigurationList;
			buildConfigurations = (
				D817DAAE264556D000A949BE /* Debug */,
				D817DAAF264556D000A949BE /* Release */,
			);
			defaultConfigurationIsVisible = 0;
			defaultConfigurationName = Release;
		};
		D817DAB0264556D000A949BE /* Build configuration list for PBXNativeTarget "ZTestApp" */ = {
			isa = XCConfigurationList;
			buildConfigurations = (
				D817DAB1264556D000A949BE /* Debug */,
				D817DAB2264556D000A949BE /* Release */,
			);
			defaultConfigurationIsVisible = 0;
			defaultConfigurationName = Release;
		};
/* End XCConfigurationList section */

/* Begin XCRemoteSwiftPackageReference section */
		D8EC4C652654062F0055D5F3 /* XCRemoteSwiftPackageReference "Kingfisher" */ = {
			isa = XCRemoteSwiftPackageReference;
			repositoryURL = "https://github.com/onevcat/Kingfisher.git";
			requirement = {
				kind = upToNextMajorVersion;
				minimumVersion = 6.3.0;
			};
		};
/* End XCRemoteSwiftPackageReference section */

/* Begin XCSwiftPackageProductDependency section */
		D8EC4C662654062F0055D5F3 /* Kingfisher */ = {
			isa = XCSwiftPackageProductDependency;
			package = D8EC4C652654062F0055D5F3 /* XCRemoteSwiftPackageReference "Kingfisher" */;
			productName = Kingfisher;
		};
/* End XCSwiftPackageProductDependency section */
	};
	rootObject = D817DA91264556CF00A949BE /* Project object */;
}
